// !$*UTF8*$!
{
	archiveVersion = 1;
	classes = {
	};
	objectVersion = 55;
	objects = {

/* Begin PBXBuildFile section */
		346DB4868DCA5E1310FE48CC /* Pods_InfiniteCarousel_InfiniteCarouselUITests.framework in Frameworks */ = {isa = PBXBuildFile; fileRef = 09EC5292A80F282017CA02FA /* Pods_InfiniteCarousel_InfiniteCarouselUITests.framework */; };
		98EF2EF9D73F366D2A5BDC7B /* Pods_InfiniteCarouselTests.framework in Frameworks */ = {isa = PBXBuildFile; fileRef = 881B55ED28FE89C603F34B4C /* Pods_InfiniteCarouselTests.framework */; };
		C9AD82D02875266A002D5EDF /* AppDelegate.swift in Sources */ = {isa = PBXBuildFile; fileRef = C9AD82CF2875266A002D5EDF /* AppDelegate.swift */; };
		C9AD82D22875266A002D5EDF /* SceneDelegate.swift in Sources */ = {isa = PBXBuildFile; fileRef = C9AD82D12875266A002D5EDF /* SceneDelegate.swift */; };
		C9AD82D42875266A002D5EDF /* InfiniteCarouselView.swift in Sources */ = {isa = PBXBuildFile; fileRef = C9AD82D32875266A002D5EDF /* InfiniteCarouselView.swift */; };
		C9AD82D92875266B002D5EDF /* Assets.xcassets in Resources */ = {isa = PBXBuildFile; fileRef = C9AD82D82875266B002D5EDF /* Assets.xcassets */; };
		C9AD82DC2875266B002D5EDF /* LaunchScreen.storyboard in Resources */ = {isa = PBXBuildFile; fileRef = C9AD82DA2875266B002D5EDF /* LaunchScreen.storyboard */; };
		C9AD82E72875266C002D5EDF /* InfiniteCarouselTests.swift in Sources */ = {isa = PBXBuildFile; fileRef = C9AD82E62875266C002D5EDF /* InfiniteCarouselTests.swift */; };
		C9AD82F12875266C002D5EDF /* InfiniteCarouselUITests.swift in Sources */ = {isa = PBXBuildFile; fileRef = C9AD82F02875266C002D5EDF /* InfiniteCarouselUITests.swift */; };
		C9AD82F32875266C002D5EDF /* InfiniteCarouselUITestsLaunchTests.swift in Sources */ = {isa = PBXBuildFile; fileRef = C9AD82F22875266C002D5EDF /* InfiniteCarouselUITestsLaunchTests.swift */; };
		C9AD830028752CAE002D5EDF /* InfiniteCarouselCell.swift in Sources */ = {isa = PBXBuildFile; fileRef = C9AD82FF28752CAE002D5EDF /* InfiniteCarouselCell.swift */; };
		C9AD8304287531CD002D5EDF /* InfiniteCarouselDataSource.swift in Sources */ = {isa = PBXBuildFile; fileRef = C9AD8303287531CD002D5EDF /* InfiniteCarouselDataSource.swift */; };
		C9AD830828755353002D5EDF /* InfiniteCarouselLayout.swift in Sources */ = {isa = PBXBuildFile; fileRef = C9AD830728755353002D5EDF /* InfiniteCarouselLayout.swift */; };
		C9AD830E287569C3002D5EDF /* 1.png in Resources */ = {isa = PBXBuildFile; fileRef = C9AD8309287569C3002D5EDF /* 1.png */; };
		C9AD830F287569C3002D5EDF /* 2.png in Resources */ = {isa = PBXBuildFile; fileRef = C9AD830A287569C3002D5EDF /* 2.png */; };
		C9AD8310287569C3002D5EDF /* 4.png in Resources */ = {isa = PBXBuildFile; fileRef = C9AD830B287569C3002D5EDF /* 4.png */; };
		C9AD8311287569C3002D5EDF /* 5.png in Resources */ = {isa = PBXBuildFile; fileRef = C9AD830C287569C3002D5EDF /* 5.png */; };
		C9AD8312287569C3002D5EDF /* 3.png in Resources */ = {isa = PBXBuildFile; fileRef = C9AD830D287569C3002D5EDF /* 3.png */; };
		C9AD831428756D5D002D5EDF /* InfiniteCarouselDelegateFlowLayout.swift in Sources */ = {isa = PBXBuildFile; fileRef = C9AD831328756D5D002D5EDF /* InfiniteCarouselDelegateFlowLayout.swift */; };
		C9BB022A2877F67B0097F518 /* Main.swift in Sources */ = {isa = PBXBuildFile; fileRef = C9BB02292877F67B0097F518 /* Main.swift */; };
		E3EED5B6877B9F77F3BBE8BA /* Pods_InfiniteCarousel.framework in Frameworks */ = {isa = PBXBuildFile; fileRef = DCF6D201A4770AB8F66BF777 /* Pods_InfiniteCarousel.framework */; };
/* End PBXBuildFile section */

/* Begin PBXContainerItemProxy section */
		C9AD82E32875266C002D5EDF /* PBXContainerItemProxy */ = {
			isa = PBXContainerItemProxy;
			containerPortal = C9AD82C42875266A002D5EDF /* Project object */;
			proxyType = 1;
			remoteGlobalIDString = C9AD82CB2875266A002D5EDF;
			remoteInfo = InfiniteCarousel;
		};
		C9AD82ED2875266C002D5EDF /* PBXContainerItemProxy */ = {
			isa = PBXContainerItemProxy;
			containerPortal = C9AD82C42875266A002D5EDF /* Project object */;
			proxyType = 1;
			remoteGlobalIDString = C9AD82CB2875266A002D5EDF;
			remoteInfo = InfiniteCarousel;
		};
/* End PBXContainerItemProxy section */

/* Begin PBXFileReference section */
		09EC5292A80F282017CA02FA /* Pods_InfiniteCarousel_InfiniteCarouselUITests.framework */ = {isa = PBXFileReference; explicitFileType = wrapper.framework; includeInIndex = 0; path = Pods_InfiniteCarousel_InfiniteCarouselUITests.framework; sourceTree = BUILT_PRODUCTS_DIR; };
		2666234113C3E41D77252A55 /* Pods-InfiniteCarouselTests.release.xcconfig */ = {isa = PBXFileReference; includeInIndex = 1; lastKnownFileType = text.xcconfig; name = "Pods-InfiniteCarouselTests.release.xcconfig"; path = "Target Support Files/Pods-InfiniteCarouselTests/Pods-InfiniteCarouselTests.release.xcconfig"; sourceTree = "<group>"; };
		881B55ED28FE89C603F34B4C /* Pods_InfiniteCarouselTests.framework */ = {isa = PBXFileReference; explicitFileType = wrapper.framework; includeInIndex = 0; path = Pods_InfiniteCarouselTests.framework; sourceTree = BUILT_PRODUCTS_DIR; };
		9407CCAF36C201C2C87EFB18 /* Pods-InfiniteCarousel-InfiniteCarouselUITests.release.xcconfig */ = {isa = PBXFileReference; includeInIndex = 1; lastKnownFileType = text.xcconfig; name = "Pods-InfiniteCarousel-InfiniteCarouselUITests.release.xcconfig"; path = "Target Support Files/Pods-InfiniteCarousel-InfiniteCarouselUITests/Pods-InfiniteCarousel-InfiniteCarouselUITests.release.xcconfig"; sourceTree = "<group>"; };
		C9AD82CC2875266A002D5EDF /* InfiniteCarousel.app */ = {isa = PBXFileReference; explicitFileType = wrapper.application; includeInIndex = 0; path = InfiniteCarousel.app; sourceTree = BUILT_PRODUCTS_DIR; };
		C9AD82CF2875266A002D5EDF /* AppDelegate.swift */ = {isa = PBXFileReference; lastKnownFileType = sourcecode.swift; path = AppDelegate.swift; sourceTree = "<group>"; };
		C9AD82D12875266A002D5EDF /* SceneDelegate.swift */ = {isa = PBXFileReference; lastKnownFileType = sourcecode.swift; path = SceneDelegate.swift; sourceTree = "<group>"; };
		C9AD82D32875266A002D5EDF /* InfiniteCarouselView.swift */ = {isa = PBXFileReference; lastKnownFileType = sourcecode.swift; path = InfiniteCarouselView.swift; sourceTree = "<group>"; };
		C9AD82D82875266B002D5EDF /* Assets.xcassets */ = {isa = PBXFileReference; lastKnownFileType = folder.assetcatalog; path = Assets.xcassets; sourceTree = "<group>"; };
		C9AD82DB2875266B002D5EDF /* Base */ = {isa = PBXFileReference; lastKnownFileType = file.storyboard; name = Base; path = Base.lproj/LaunchScreen.storyboard; sourceTree = "<group>"; };
		C9AD82DD2875266B002D5EDF /* Info.plist */ = {isa = PBXFileReference; lastKnownFileType = text.plist.xml; path = Info.plist; sourceTree = "<group>"; };
		C9AD82E22875266C002D5EDF /* InfiniteCarouselTests.xctest */ = {isa = PBXFileReference; explicitFileType = wrapper.cfbundle; includeInIndex = 0; path = InfiniteCarouselTests.xctest; sourceTree = BUILT_PRODUCTS_DIR; };
		C9AD82E62875266C002D5EDF /* InfiniteCarouselTests.swift */ = {isa = PBXFileReference; lastKnownFileType = sourcecode.swift; path = InfiniteCarouselTests.swift; sourceTree = "<group>"; };
		C9AD82EC2875266C002D5EDF /* InfiniteCarouselUITests.xctest */ = {isa = PBXFileReference; explicitFileType = wrapper.cfbundle; includeInIndex = 0; path = InfiniteCarouselUITests.xctest; sourceTree = BUILT_PRODUCTS_DIR; };
		C9AD82F02875266C002D5EDF /* InfiniteCarouselUITests.swift */ = {isa = PBXFileReference; lastKnownFileType = sourcecode.swift; path = InfiniteCarouselUITests.swift; sourceTree = "<group>"; };
		C9AD82F22875266C002D5EDF /* InfiniteCarouselUITestsLaunchTests.swift */ = {isa = PBXFileReference; lastKnownFileType = sourcecode.swift; path = InfiniteCarouselUITestsLaunchTests.swift; sourceTree = "<group>"; };
		C9AD82FF28752CAE002D5EDF /* InfiniteCarouselCell.swift */ = {isa = PBXFileReference; lastKnownFileType = sourcecode.swift; path = InfiniteCarouselCell.swift; sourceTree = "<group>"; };
		C9AD8303287531CD002D5EDF /* InfiniteCarouselDataSource.swift */ = {isa = PBXFileReference; lastKnownFileType = sourcecode.swift; path = InfiniteCarouselDataSource.swift; sourceTree = "<group>"; };
		C9AD830728755353002D5EDF /* InfiniteCarouselLayout.swift */ = {isa = PBXFileReference; lastKnownFileType = sourcecode.swift; path = InfiniteCarouselLayout.swift; sourceTree = "<group>"; };
		C9AD8309287569C3002D5EDF /* 1.png */ = {isa = PBXFileReference; lastKnownFileType = image.png; path = 1.png; sourceTree = "<group>"; };
		C9AD830A287569C3002D5EDF /* 2.png */ = {isa = PBXFileReference; lastKnownFileType = image.png; path = 2.png; sourceTree = "<group>"; };
		C9AD830B287569C3002D5EDF /* 4.png */ = {isa = PBXFileReference; lastKnownFileType = image.png; path = 4.png; sourceTree = "<group>"; };
		C9AD830C287569C3002D5EDF /* 5.png */ = {isa = PBXFileReference; lastKnownFileType = image.png; path = 5.png; sourceTree = "<group>"; };
		C9AD830D287569C3002D5EDF /* 3.png */ = {isa = PBXFileReference; lastKnownFileType = image.png; path = 3.png; sourceTree = "<group>"; };
		C9AD831328756D5D002D5EDF /* InfiniteCarouselDelegateFlowLayout.swift */ = {isa = PBXFileReference; lastKnownFileType = sourcecode.swift; path = InfiniteCarouselDelegateFlowLayout.swift; sourceTree = "<group>"; };
		C9BB02292877F67B0097F518 /* Main.swift */ = {isa = PBXFileReference; lastKnownFileType = sourcecode.swift; path = Main.swift; sourceTree = "<group>"; };
		CA1482C6EC54089A2D098809 /* Pods-InfiniteCarousel-InfiniteCarouselUITests.debug.xcconfig */ = {isa = PBXFileReference; includeInIndex = 1; lastKnownFileType = text.xcconfig; name = "Pods-InfiniteCarousel-InfiniteCarouselUITests.debug.xcconfig"; path = "Target Support Files/Pods-InfiniteCarousel-InfiniteCarouselUITests/Pods-InfiniteCarousel-InfiniteCarouselUITests.debug.xcconfig"; sourceTree = "<group>"; };
		D3CE70999F31051DF578484F /* Pods-InfiniteCarousel.release.xcconfig */ = {isa = PBXFileReference; includeInIndex = 1; lastKnownFileType = text.xcconfig; name = "Pods-InfiniteCarousel.release.xcconfig"; path = "Target Support Files/Pods-InfiniteCarousel/Pods-InfiniteCarousel.release.xcconfig"; sourceTree = "<group>"; };
		DCF6D201A4770AB8F66BF777 /* Pods_InfiniteCarousel.framework */ = {isa = PBXFileReference; explicitFileType = wrapper.framework; includeInIndex = 0; path = Pods_InfiniteCarousel.framework; sourceTree = BUILT_PRODUCTS_DIR; };
		DDF0BA5335CC5256B851A091 /* Pods-InfiniteCarousel.debug.xcconfig */ = {isa = PBXFileReference; includeInIndex = 1; lastKnownFileType = text.xcconfig; name = "Pods-InfiniteCarousel.debug.xcconfig"; path = "Target Support Files/Pods-InfiniteCarousel/Pods-InfiniteCarousel.debug.xcconfig"; sourceTree = "<group>"; };
		E4D3A7392F7B00E34D0681BF /* Pods-InfiniteCarouselTests.debug.xcconfig */ = {isa = PBXFileReference; includeInIndex = 1; lastKnownFileType = text.xcconfig; name = "Pods-InfiniteCarouselTests.debug.xcconfig"; path = "Target Support Files/Pods-InfiniteCarouselTests/Pods-InfiniteCarouselTests.debug.xcconfig"; sourceTree = "<group>"; };
/* End PBXFileReference section */

/* Begin PBXFrameworksBuildPhase section */
		C9AD82C92875266A002D5EDF /* Frameworks */ = {
			isa = PBXFrameworksBuildPhase;
			buildActionMask = 2147483647;
			files = (
				E3EED5B6877B9F77F3BBE8BA /* Pods_InfiniteCarousel.framework in Frameworks */,
			);
			runOnlyForDeploymentPostprocessing = 0;
		};
		C9AD82DF2875266C002D5EDF /* Frameworks */ = {
			isa = PBXFrameworksBuildPhase;
			buildActionMask = 2147483647;
			files = (
				98EF2EF9D73F366D2A5BDC7B /* Pods_InfiniteCarouselTests.framework in Frameworks */,
			);
			runOnlyForDeploymentPostprocessing = 0;
		};
		C9AD82E92875266C002D5EDF /* Frameworks */ = {
			isa = PBXFrameworksBuildPhase;
			buildActionMask = 2147483647;
			files = (
				346DB4868DCA5E1310FE48CC /* Pods_InfiniteCarousel_InfiniteCarouselUITests.framework in Frameworks */,
			);
			runOnlyForDeploymentPostprocessing = 0;
		};
/* End PBXFrameworksBuildPhase section */

/* Begin PBXGroup section */
		9BBEF6A9870BF0394D0CDE6D /* Frameworks */ = {
			isa = PBXGroup;
			children = (
				DCF6D201A4770AB8F66BF777 /* Pods_InfiniteCarousel.framework */,
				09EC5292A80F282017CA02FA /* Pods_InfiniteCarousel_InfiniteCarouselUITests.framework */,
				881B55ED28FE89C603F34B4C /* Pods_InfiniteCarouselTests.framework */,
			);
			name = Frameworks;
			sourceTree = "<group>";
		};
		BE5B08C169350E9652E3D30E /* Pods */ = {
			isa = PBXGroup;
			children = (
				DDF0BA5335CC5256B851A091 /* Pods-InfiniteCarousel.debug.xcconfig */,
				D3CE70999F31051DF578484F /* Pods-InfiniteCarousel.release.xcconfig */,
				CA1482C6EC54089A2D098809 /* Pods-InfiniteCarousel-InfiniteCarouselUITests.debug.xcconfig */,
				9407CCAF36C201C2C87EFB18 /* Pods-InfiniteCarousel-InfiniteCarouselUITests.release.xcconfig */,
				E4D3A7392F7B00E34D0681BF /* Pods-InfiniteCarouselTests.debug.xcconfig */,
				2666234113C3E41D77252A55 /* Pods-InfiniteCarouselTests.release.xcconfig */,
			);
			path = Pods;
			sourceTree = "<group>";
		};
		C9AD82C32875266A002D5EDF = {
			isa = PBXGroup;
			children = (
				C9AD82CE2875266A002D5EDF /* InfiniteCarousel */,
				C9AD82E52875266C002D5EDF /* InfiniteCarouselTests */,
				C9AD82EF2875266C002D5EDF /* InfiniteCarouselUITests */,
				C9AD82CD2875266A002D5EDF /* Products */,
				BE5B08C169350E9652E3D30E /* Pods */,
				9BBEF6A9870BF0394D0CDE6D /* Frameworks */,
			);
			sourceTree = "<group>";
		};
		C9AD82CD2875266A002D5EDF /* Products */ = {
			isa = PBXGroup;
			children = (
				C9AD82CC2875266A002D5EDF /* InfiniteCarousel.app */,
				C9AD82E22875266C002D5EDF /* InfiniteCarouselTests.xctest */,
				C9AD82EC2875266C002D5EDF /* InfiniteCarouselUITests.xctest */,
			);
			name = Products;
			sourceTree = "<group>";
		};
		C9AD82CE2875266A002D5EDF /* InfiniteCarousel */ = {
			isa = PBXGroup;
			children = (
				C9AD82CF2875266A002D5EDF /* AppDelegate.swift */,
				C9AD82D12875266A002D5EDF /* SceneDelegate.swift */,
				C9BB02292877F67B0097F518 /* Main.swift */,
				C9AD82D32875266A002D5EDF /* InfiniteCarouselView.swift */,
				C9AD82FF28752CAE002D5EDF /* InfiniteCarouselCell.swift */,
				C9BB01DE28765DBF0097F518 /* chore */,
				C9AD82D82875266B002D5EDF /* Assets.xcassets */,
				C9AD82DA2875266B002D5EDF /* LaunchScreen.storyboard */,
				C9AD82DD2875266B002D5EDF /* Info.plist */,
				C9AD8309287569C3002D5EDF /* 1.png */,
				C9AD830A287569C3002D5EDF /* 2.png */,
				C9AD830D287569C3002D5EDF /* 3.png */,
				C9AD830B287569C3002D5EDF /* 4.png */,
				C9AD830C287569C3002D5EDF /* 5.png */,
			);
			path = InfiniteCarousel;
			sourceTree = "<group>";
		};
		C9AD82E52875266C002D5EDF /* InfiniteCarouselTests */ = {
			isa = PBXGroup;
			children = (
				C9AD82E62875266C002D5EDF /* InfiniteCarouselTests.swift */,
			);
			path = InfiniteCarouselTests;
			sourceTree = "<group>";
		};
		C9AD82EF2875266C002D5EDF /* InfiniteCarouselUITests */ = {
			isa = PBXGroup;
			children = (
				C9AD82F02875266C002D5EDF /* InfiniteCarouselUITests.swift */,
				C9AD82F22875266C002D5EDF /* InfiniteCarouselUITestsLaunchTests.swift */,
			);
			path = InfiniteCarouselUITests;
			sourceTree = "<group>";
		};
		C9BB01DE28765DBF0097F518 /* chore */ = {
			isa = PBXGroup;
			children = (
				C9AD831328756D5D002D5EDF /* InfiniteCarouselDelegateFlowLayout.swift */,
				C9AD830728755353002D5EDF /* InfiniteCarouselLayout.swift */,
				C9AD8303287531CD002D5EDF /* InfiniteCarouselDataSource.swift */,
			);
			path = chore;
			sourceTree = "<group>";
		};
/* End PBXGroup section */

/* Begin PBXNativeTarget section */
		C9AD82CB2875266A002D5EDF /* InfiniteCarousel */ = {
			isa = PBXNativeTarget;
			buildConfigurationList = C9AD82F62875266C002D5EDF /* Build configuration list for PBXNativeTarget "InfiniteCarousel" */;
			buildPhases = (
				8E327F184DD9B73E5902897A /* [CP] Check Pods Manifest.lock */,
				C9AD82C82875266A002D5EDF /* Sources */,
				C9AD82C92875266A002D5EDF /* Frameworks */,
				C9AD82CA2875266A002D5EDF /* Resources */,
				EF0DFE83504D2844ACAFEC6D /* [CP] Embed Pods Frameworks */,
			);
			buildRules = (
			);
			dependencies = (
			);
			name = InfiniteCarousel;
			productName = InfiniteCarousel;
			productReference = C9AD82CC2875266A002D5EDF /* InfiniteCarousel.app */;
			productType = "com.apple.product-type.application";
		};
		C9AD82E12875266C002D5EDF /* InfiniteCarouselTests */ = {
			isa = PBXNativeTarget;
			buildConfigurationList = C9AD82F92875266C002D5EDF /* Build configuration list for PBXNativeTarget "InfiniteCarouselTests" */;
			buildPhases = (
				B6385E10A5F6B3D48022F500 /* [CP] Check Pods Manifest.lock */,
				C9AD82DE2875266C002D5EDF /* Sources */,
				C9AD82DF2875266C002D5EDF /* Frameworks */,
				C9AD82E02875266C002D5EDF /* Resources */,
			);
			buildRules = (
			);
			dependencies = (
				C9AD82E42875266C002D5EDF /* PBXTargetDependency */,
			);
			name = InfiniteCarouselTests;
			productName = InfiniteCarouselTests;
			productReference = C9AD82E22875266C002D5EDF /* InfiniteCarouselTests.xctest */;
			productType = "com.apple.product-type.bundle.unit-test";
		};
		C9AD82EB2875266C002D5EDF /* InfiniteCarouselUITests */ = {
			isa = PBXNativeTarget;
			buildConfigurationList = C9AD82FC2875266C002D5EDF /* Build configuration list for PBXNativeTarget "InfiniteCarouselUITests" */;
			buildPhases = (
				7274004DA4D5B501EB915124 /* [CP] Check Pods Manifest.lock */,
				C9AD82E82875266C002D5EDF /* Sources */,
				C9AD82E92875266C002D5EDF /* Frameworks */,
				C9AD82EA2875266C002D5EDF /* Resources */,
				CC62589EEE71A2B946E64D4F /* [CP] Embed Pods Frameworks */,
			);
			buildRules = (
			);
			dependencies = (
				C9AD82EE2875266C002D5EDF /* PBXTargetDependency */,
			);
			name = InfiniteCarouselUITests;
			productName = InfiniteCarouselUITests;
			productReference = C9AD82EC2875266C002D5EDF /* InfiniteCarouselUITests.xctest */;
			productType = "com.apple.product-type.bundle.ui-testing";
		};
/* End PBXNativeTarget section */

/* Begin PBXProject section */
		C9AD82C42875266A002D5EDF /* Project object */ = {
			isa = PBXProject;
			attributes = {
				BuildIndependentTargetsInParallel = 1;
				LastSwiftUpdateCheck = 1340;
				LastUpgradeCheck = 1340;
				TargetAttributes = {
					C9AD82CB2875266A002D5EDF = {
						CreatedOnToolsVersion = 13.4.1;
					};
					C9AD82E12875266C002D5EDF = {
						CreatedOnToolsVersion = 13.4.1;
						TestTargetID = C9AD82CB2875266A002D5EDF;
					};
					C9AD82EB2875266C002D5EDF = {
						CreatedOnToolsVersion = 13.4.1;
						TestTargetID = C9AD82CB2875266A002D5EDF;
					};
				};
			};
			buildConfigurationList = C9AD82C72875266A002D5EDF /* Build configuration list for PBXProject "InfiniteCarousel" */;
			compatibilityVersion = "Xcode 13.0";
			developmentRegion = en;
			hasScannedForEncodings = 0;
			knownRegions = (
				en,
				Base,
			);
			mainGroup = C9AD82C32875266A002D5EDF;
			productRefGroup = C9AD82CD2875266A002D5EDF /* Products */;
			projectDirPath = "";
			projectRoot = "";
			targets = (
				C9AD82CB2875266A002D5EDF /* InfiniteCarousel */,
				C9AD82E12875266C002D5EDF /* InfiniteCarouselTests */,
				C9AD82EB2875266C002D5EDF /* InfiniteCarouselUITests */,
			);
		};
/* End PBXProject section */

/* Begin PBXResourcesBuildPhase section */
		C9AD82CA2875266A002D5EDF /* Resources */ = {
			isa = PBXResourcesBuildPhase;
			buildActionMask = 2147483647;
			files = (
				C9AD830E287569C3002D5EDF /* 1.png in Resources */,
				C9AD82DC2875266B002D5EDF /* LaunchScreen.storyboard in Resources */,
				C9AD830F287569C3002D5EDF /* 2.png in Resources */,
				C9AD8311287569C3002D5EDF /* 5.png in Resources */,
				C9AD8310287569C3002D5EDF /* 4.png in Resources */,
				C9AD8312287569C3002D5EDF /* 3.png in Resources */,
				C9AD82D92875266B002D5EDF /* Assets.xcassets in Resources */,
			);
			runOnlyForDeploymentPostprocessing = 0;
		};
		C9AD82E02875266C002D5EDF /* Resources */ = {
			isa = PBXResourcesBuildPhase;
			buildActionMask = 2147483647;
			files = (
			);
			runOnlyForDeploymentPostprocessing = 0;
		};
		C9AD82EA2875266C002D5EDF /* Resources */ = {
			isa = PBXResourcesBuildPhase;
			buildActionMask = 2147483647;
			files = (
			);
			runOnlyForDeploymentPostprocessing = 0;
		};
/* End PBXResourcesBuildPhase section */

/* Begin PBXShellScriptBuildPhase section */
		7274004DA4D5B501EB915124 /* [CP] Check Pods Manifest.lock */ = {
			isa = PBXShellScriptBuildPhase;
			buildActionMask = 2147483647;
			files = (
			);
			inputFileListPaths = (
			);
			inputPaths = (
				"${PODS_PODFILE_DIR_PATH}/Podfile.lock",
				"${PODS_ROOT}/Manifest.lock",
			);
			name = "[CP] Check Pods Manifest.lock";
			outputFileListPaths = (
			);
			outputPaths = (
				"$(DERIVED_FILE_DIR)/Pods-InfiniteCarousel-InfiniteCarouselUITests-checkManifestLockResult.txt",
			);
			runOnlyForDeploymentPostprocessing = 0;
			shellPath = /bin/sh;
			shellScript = "diff \"${PODS_PODFILE_DIR_PATH}/Podfile.lock\" \"${PODS_ROOT}/Manifest.lock\" > /dev/null\nif [ $? != 0 ] ; then\n    # print error to STDERR\n    echo \"error: The sandbox is not in sync with the Podfile.lock. Run 'pod install' or update your CocoaPods installation.\" >&2\n    exit 1\nfi\n# This output is used by Xcode 'outputs' to avoid re-running this script phase.\necho \"SUCCESS\" > \"${SCRIPT_OUTPUT_FILE_0}\"\n";
			showEnvVarsInLog = 0;
		};
		8E327F184DD9B73E5902897A /* [CP] Check Pods Manifest.lock */ = {
			isa = PBXShellScriptBuildPhase;
			buildActionMask = 2147483647;
			files = (
			);
			inputFileListPaths = (
			);
			inputPaths = (
				"${PODS_PODFILE_DIR_PATH}/Podfile.lock",
				"${PODS_ROOT}/Manifest.lock",
			);
			name = "[CP] Check Pods Manifest.lock";
			outputFileListPaths = (
			);
			outputPaths = (
				"$(DERIVED_FILE_DIR)/Pods-InfiniteCarousel-checkManifestLockResult.txt",
			);
			runOnlyForDeploymentPostprocessing = 0;
			shellPath = /bin/sh;
			shellScript = "diff \"${PODS_PODFILE_DIR_PATH}/Podfile.lock\" \"${PODS_ROOT}/Manifest.lock\" > /dev/null\nif [ $? != 0 ] ; then\n    # print error to STDERR\n    echo \"error: The sandbox is not in sync with the Podfile.lock. Run 'pod install' or update your CocoaPods installation.\" >&2\n    exit 1\nfi\n# This output is used by Xcode 'outputs' to avoid re-running this script phase.\necho \"SUCCESS\" > \"${SCRIPT_OUTPUT_FILE_0}\"\n";
			showEnvVarsInLog = 0;
		};
		B6385E10A5F6B3D48022F500 /* [CP] Check Pods Manifest.lock */ = {
			isa = PBXShellScriptBuildPhase;
			buildActionMask = 2147483647;
			files = (
			);
			inputFileListPaths = (
			);
			inputPaths = (
				"${PODS_PODFILE_DIR_PATH}/Podfile.lock",
				"${PODS_ROOT}/Manifest.lock",
			);
			name = "[CP] Check Pods Manifest.lock";
			outputFileListPaths = (
			);
			outputPaths = (
				"$(DERIVED_FILE_DIR)/Pods-InfiniteCarouselTests-checkManifestLockResult.txt",
			);
			runOnlyForDeploymentPostprocessing = 0;
			shellPath = /bin/sh;
			shellScript = "diff \"${PODS_PODFILE_DIR_PATH}/Podfile.lock\" \"${PODS_ROOT}/Manifest.lock\" > /dev/null\nif [ $? != 0 ] ; then\n    # print error to STDERR\n    echo \"error: The sandbox is not in sync with the Podfile.lock. Run 'pod install' or update your CocoaPods installation.\" >&2\n    exit 1\nfi\n# This output is used by Xcode 'outputs' to avoid re-running this script phase.\necho \"SUCCESS\" > \"${SCRIPT_OUTPUT_FILE_0}\"\n";
			showEnvVarsInLog = 0;
		};
		CC62589EEE71A2B946E64D4F /* [CP] Embed Pods Frameworks */ = {
			isa = PBXShellScriptBuildPhase;
			buildActionMask = 2147483647;
			files = (
			);
			inputFileListPaths = (
				"${PODS_ROOT}/Target Support Files/Pods-InfiniteCarousel-InfiniteCarouselUITests/Pods-InfiniteCarousel-InfiniteCarouselUITests-frameworks-${CONFIGURATION}-input-files.xcfilelist",
			);
			name = "[CP] Embed Pods Frameworks";
			outputFileListPaths = (
				"${PODS_ROOT}/Target Support Files/Pods-InfiniteCarousel-InfiniteCarouselUITests/Pods-InfiniteCarousel-InfiniteCarouselUITests-frameworks-${CONFIGURATION}-output-files.xcfilelist",
			);
			runOnlyForDeploymentPostprocessing = 0;
			shellPath = /bin/sh;
			shellScript = "\"${PODS_ROOT}/Target Support Files/Pods-InfiniteCarousel-InfiniteCarouselUITests/Pods-InfiniteCarousel-InfiniteCarouselUITests-frameworks.sh\"\n";
			showEnvVarsInLog = 0;
		};
		EF0DFE83504D2844ACAFEC6D /* [CP] Embed Pods Frameworks */ = {
			isa = PBXShellScriptBuildPhase;
			buildActionMask = 2147483647;
			files = (
			);
			inputFileListPaths = (
				"${PODS_ROOT}/Target Support Files/Pods-InfiniteCarousel/Pods-InfiniteCarousel-frameworks-${CONFIGURATION}-input-files.xcfilelist",
			);
			name = "[CP] Embed Pods Frameworks";
			outputFileListPaths = (
				"${PODS_ROOT}/Target Support Files/Pods-InfiniteCarousel/Pods-InfiniteCarousel-frameworks-${CONFIGURATION}-output-files.xcfilelist",
			);
			runOnlyForDeploymentPostprocessing = 0;
			shellPath = /bin/sh;
			shellScript = "\"${PODS_ROOT}/Target Support Files/Pods-InfiniteCarousel/Pods-InfiniteCarousel-frameworks.sh\"\n";
			showEnvVarsInLog = 0;
		};
/* End PBXShellScriptBuildPhase section */

/* Begin PBXSourcesBuildPhase section */
		C9AD82C82875266A002D5EDF /* Sources */ = {
			isa = PBXSourcesBuildPhase;
			buildActionMask = 2147483647;
			files = (
				C9AD831428756D5D002D5EDF /* InfiniteCarouselDelegateFlowLayout.swift in Sources */,
				C9AD82D42875266A002D5EDF /* InfiniteCarouselView.swift in Sources */,
				C9BB022A2877F67B0097F518 /* Main.swift in Sources */,
				C9AD82D02875266A002D5EDF /* AppDelegate.swift in Sources */,
				C9AD830828755353002D5EDF /* InfiniteCarouselLayout.swift in Sources */,
				C9AD830028752CAE002D5EDF /* InfiniteCarouselCell.swift in Sources */,
				C9AD8304287531CD002D5EDF /* InfiniteCarouselDataSource.swift in Sources */,
				C9AD82D22875266A002D5EDF /* SceneDelegate.swift in Sources */,
			);
			runOnlyForDeploymentPostprocessing = 0;
		};
		C9AD82DE2875266C002D5EDF /* Sources */ = {
			isa = PBXSourcesBuildPhase;
			buildActionMask = 2147483647;
			files = (
				C9AD82E72875266C002D5EDF /* InfiniteCarouselTests.swift in Sources */,
			);
			runOnlyForDeploymentPostprocessing = 0;
		};
		C9AD82E82875266C002D5EDF /* Sources */ = {
			isa = PBXSourcesBuildPhase;
			buildActionMask = 2147483647;
			files = (
				C9AD82F32875266C002D5EDF /* InfiniteCarouselUITestsLaunchTests.swift in Sources */,
				C9AD82F12875266C002D5EDF /* InfiniteCarouselUITests.swift in Sources */,
			);
			runOnlyForDeploymentPostprocessing = 0;
		};
/* End PBXSourcesBuildPhase section */

/* Begin PBXTargetDependency section */
		C9AD82E42875266C002D5EDF /* PBXTargetDependency */ = {
			isa = PBXTargetDependency;
			target = C9AD82CB2875266A002D5EDF /* InfiniteCarousel */;
			targetProxy = C9AD82E32875266C002D5EDF /* PBXContainerItemProxy */;
		};
		C9AD82EE2875266C002D5EDF /* PBXTargetDependency */ = {
			isa = PBXTargetDependency;
			target = C9AD82CB2875266A002D5EDF /* InfiniteCarousel */;
			targetProxy = C9AD82ED2875266C002D5EDF /* PBXContainerItemProxy */;
		};
/* End PBXTargetDependency section */

/* Begin PBXVariantGroup section */
		C9AD82DA2875266B002D5EDF /* LaunchScreen.storyboard */ = {
			isa = PBXVariantGroup;
			children = (
				C9AD82DB2875266B002D5EDF /* Base */,
			);
			name = LaunchScreen.storyboard;
			sourceTree = "<group>";
		};
/* End PBXVariantGroup section */

/* Begin XCBuildConfiguration section */
		C9AD82F42875266C002D5EDF /* Debug */ = {
			isa = XCBuildConfiguration;
			buildSettings = {
				ALWAYS_SEARCH_USER_PATHS = NO;
				CLANG_ANALYZER_NONNULL = YES;
				CLANG_ANALYZER_NUMBER_OBJECT_CONVERSION = YES_AGGRESSIVE;
				CLANG_CXX_LANGUAGE_STANDARD = "gnu++17";
				CLANG_ENABLE_MODULES = YES;
				CLANG_ENABLE_OBJC_ARC = YES;
				CLANG_ENABLE_OBJC_WEAK = YES;
				CLANG_WARN_BLOCK_CAPTURE_AUTORELEASING = YES;
				CLANG_WARN_BOOL_CONVERSION = YES;
				CLANG_WARN_COMMA = YES;
				CLANG_WARN_CONSTANT_CONVERSION = YES;
				CLANG_WARN_DEPRECATED_OBJC_IMPLEMENTATIONS = YES;
				CLANG_WARN_DIRECT_OBJC_ISA_USAGE = YES_ERROR;
				CLANG_WARN_DOCUMENTATION_COMMENTS = YES;
				CLANG_WARN_EMPTY_BODY = YES;
				CLANG_WARN_ENUM_CONVERSION = YES;
				CLANG_WARN_INFINITE_RECURSION = YES;
				CLANG_WARN_INT_CONVERSION = YES;
				CLANG_WARN_NON_LITERAL_NULL_CONVERSION = YES;
				CLANG_WARN_OBJC_IMPLICIT_RETAIN_SELF = YES;
				CLANG_WARN_OBJC_LITERAL_CONVERSION = YES;
				CLANG_WARN_OBJC_ROOT_CLASS = YES_ERROR;
				CLANG_WARN_QUOTED_INCLUDE_IN_FRAMEWORK_HEADER = YES;
				CLANG_WARN_RANGE_LOOP_ANALYSIS = YES;
				CLANG_WARN_STRICT_PROTOTYPES = YES;
				CLANG_WARN_SUSPICIOUS_MOVE = YES;
				CLANG_WARN_UNGUARDED_AVAILABILITY = YES_AGGRESSIVE;
				CLANG_WARN_UNREACHABLE_CODE = YES;
				CLANG_WARN__DUPLICATE_METHOD_MATCH = YES;
				COPY_PHASE_STRIP = NO;
				DEBUG_INFORMATION_FORMAT = dwarf;
				ENABLE_STRICT_OBJC_MSGSEND = YES;
				ENABLE_TESTABILITY = YES;
				GCC_C_LANGUAGE_STANDARD = gnu11;
				GCC_DYNAMIC_NO_PIC = NO;
				GCC_NO_COMMON_BLOCKS = YES;
				GCC_OPTIMIZATION_LEVEL = 0;
				GCC_PREPROCESSOR_DEFINITIONS = (
					"DEBUG=1",
					"$(inherited)",
				);
				GCC_WARN_64_TO_32_BIT_CONVERSION = YES;
				GCC_WARN_ABOUT_RETURN_TYPE = YES_ERROR;
				GCC_WARN_UNDECLARED_SELECTOR = YES;
				GCC_WARN_UNINITIALIZED_AUTOS = YES_AGGRESSIVE;
				GCC_WARN_UNUSED_FUNCTION = YES;
				GCC_WARN_UNUSED_VARIABLE = YES;
				IPHONEOS_DEPLOYMENT_TARGET = 15.5;
				MTL_ENABLE_DEBUG_INFO = INCLUDE_SOURCE;
				MTL_FAST_MATH = YES;
				ONLY_ACTIVE_ARCH = YES;
				SDKROOT = iphoneos;
				SWIFT_ACTIVE_COMPILATION_CONDITIONS = DEBUG;
				SWIFT_OPTIMIZATION_LEVEL = "-Onone";
			};
			name = Debug;
		};
		C9AD82F52875266C002D5EDF /* Release */ = {
			isa = XCBuildConfiguration;
			buildSettings = {
				ALWAYS_SEARCH_USER_PATHS = NO;
				CLANG_ANALYZER_NONNULL = YES;
				CLANG_ANALYZER_NUMBER_OBJECT_CONVERSION = YES_AGGRESSIVE;
				CLANG_CXX_LANGUAGE_STANDARD = "gnu++17";
				CLANG_ENABLE_MODULES = YES;
				CLANG_ENABLE_OBJC_ARC = YES;
				CLANG_ENABLE_OBJC_WEAK = YES;
				CLANG_WARN_BLOCK_CAPTURE_AUTORELEASING = YES;
				CLANG_WARN_BOOL_CONVERSION = YES;
				CLANG_WARN_COMMA = YES;
				CLANG_WARN_CONSTANT_CONVERSION = YES;
				CLANG_WARN_DEPRECATED_OBJC_IMPLEMENTATIONS = YES;
				CLANG_WARN_DIRECT_OBJC_ISA_USAGE = YES_ERROR;
				CLANG_WARN_DOCUMENTATION_COMMENTS = YES;
				CLANG_WARN_EMPTY_BODY = YES;
				CLANG_WARN_ENUM_CONVERSION = YES;
				CLANG_WARN_INFINITE_RECURSION = YES;
				CLANG_WARN_INT_CONVERSION = YES;
				CLANG_WARN_NON_LITERAL_NULL_CONVERSION = YES;
				CLANG_WARN_OBJC_IMPLICIT_RETAIN_SELF = YES;
				CLANG_WARN_OBJC_LITERAL_CONVERSION = YES;
				CLANG_WARN_OBJC_ROOT_CLASS = YES_ERROR;
				CLANG_WARN_QUOTED_INCLUDE_IN_FRAMEWORK_HEADER = YES;
				CLANG_WARN_RANGE_LOOP_ANALYSIS = YES;
				CLANG_WARN_STRICT_PROTOTYPES = YES;
				CLANG_WARN_SUSPICIOUS_MOVE = YES;
				CLANG_WARN_UNGUARDED_AVAILABILITY = YES_AGGRESSIVE;
				CLANG_WARN_UNREACHABLE_CODE = YES;
				CLANG_WARN__DUPLICATE_METHOD_MATCH = YES;
				COPY_PHASE_STRIP = NO;
				DEBUG_INFORMATION_FORMAT = "dwarf-with-dsym";
				ENABLE_NS_ASSERTIONS = NO;
				ENABLE_STRICT_OBJC_MSGSEND = YES;
				GCC_C_LANGUAGE_STANDARD = gnu11;
				GCC_NO_COMMON_BLOCKS = YES;
				GCC_WARN_64_TO_32_BIT_CONVERSION = YES;
				GCC_WARN_ABOUT_RETURN_TYPE = YES_ERROR;
				GCC_WARN_UNDECLARED_SELECTOR = YES;
				GCC_WARN_UNINITIALIZED_AUTOS = YES_AGGRESSIVE;
				GCC_WARN_UNUSED_FUNCTION = YES;
				GCC_WARN_UNUSED_VARIABLE = YES;
				IPHONEOS_DEPLOYMENT_TARGET = 15.5;
				MTL_ENABLE_DEBUG_INFO = NO;
				MTL_FAST_MATH = YES;
				SDKROOT = iphoneos;
				SWIFT_COMPILATION_MODE = wholemodule;
				SWIFT_OPTIMIZATION_LEVEL = "-O";
				VALIDATE_PRODUCT = YES;
			};
			name = Release;
		};
		C9AD82F72875266C002D5EDF /* Debug */ = {
			isa = XCBuildConfiguration;
			baseConfigurationReference = DDF0BA5335CC5256B851A091 /* Pods-InfiniteCarousel.debug.xcconfig */;
			buildSettings = {
				ASSETCATALOG_COMPILER_APPICON_NAME = AppIcon;
				ASSETCATALOG_COMPILER_GLOBAL_ACCENT_COLOR_NAME = AccentColor;
				CODE_SIGN_STYLE = Automatic;
				CURRENT_PROJECT_VERSION = 1;
				DEVELOPMENT_TEAM = 67D46DJNPH;
				GENERATE_INFOPLIST_FILE = YES;
				INFOPLIST_FILE = InfiniteCarousel/Info.plist;
				INFOPLIST_KEY_UIApplicationSupportsIndirectInputEvents = YES;
				INFOPLIST_KEY_UILaunchStoryboardName = LaunchScreen;
				INFOPLIST_KEY_UISupportedInterfaceOrientations_iPad = "UIInterfaceOrientationPortrait UIInterfaceOrientationPortraitUpsideDown UIInterfaceOrientationLandscapeLeft UIInterfaceOrientationLandscapeRight";
				INFOPLIST_KEY_UISupportedInterfaceOrientations_iPhone = "UIInterfaceOrientationPortrait UIInterfaceOrientationLandscapeLeft UIInterfaceOrientationLandscapeRight";
				LD_RUNPATH_SEARCH_PATHS = (
					"$(inherited)",
					"@executable_path/Frameworks",
				);
				MARKETING_VERSION = 1.0;
				PRODUCT_BUNDLE_IDENTIFIER = InfiniteCarousel.InfiniteCarousel;
				PRODUCT_NAME = "$(TARGET_NAME)";
				SWIFT_EMIT_LOC_STRINGS = YES;
				SWIFT_VERSION = 5.0;
				TARGETED_DEVICE_FAMILY = "1,2";
			};
			name = Debug;
		};
		C9AD82F82875266C002D5EDF /* Release */ = {
			isa = XCBuildConfiguration;
			baseConfigurationReference = D3CE70999F31051DF578484F /* Pods-InfiniteCarousel.release.xcconfig */;
			buildSettings = {
				ASSETCATALOG_COMPILER_APPICON_NAME = AppIcon;
				ASSETCATALOG_COMPILER_GLOBAL_ACCENT_COLOR_NAME = AccentColor;
				CODE_SIGN_STYLE = Automatic;
				CURRENT_PROJECT_VERSION = 1;
				DEVELOPMENT_TEAM = 67D46DJNPH;
				GENERATE_INFOPLIST_FILE = YES;
				INFOPLIST_FILE = InfiniteCarousel/Info.plist;
				INFOPLIST_KEY_UIApplicationSupportsIndirectInputEvents = YES;
				INFOPLIST_KEY_UILaunchStoryboardName = LaunchScreen;
				INFOPLIST_KEY_UISupportedInterfaceOrientations_iPad = "UIInterfaceOrientationPortrait UIInterfaceOrientationPortraitUpsideDown UIInterfaceOrientationLandscapeLeft UIInterfaceOrientationLandscapeRight";
				INFOPLIST_KEY_UISupportedInterfaceOrientations_iPhone = "UIInterfaceOrientationPortrait UIInterfaceOrientationLandscapeLeft UIInterfaceOrientationLandscapeRight";
				LD_RUNPATH_SEARCH_PATHS = (
					"$(inherited)",
					"@executable_path/Frameworks",
				);
				MARKETING_VERSION = 1.0;
				PRODUCT_BUNDLE_IDENTIFIER = InfiniteCarousel.InfiniteCarousel;
				PRODUCT_NAME = "$(TARGET_NAME)";
				SWIFT_EMIT_LOC_STRINGS = YES;
				SWIFT_VERSION = 5.0;
				TARGETED_DEVICE_FAMILY = "1,2";
			};
			name = Release;
		};
		C9AD82FA2875266C002D5EDF /* Debug */ = {
			isa = XCBuildConfiguration;
			baseConfigurationReference = E4D3A7392F7B00E34D0681BF /* Pods-InfiniteCarouselTests.debug.xcconfig */;
			buildSettings = {
				ALWAYS_EMBED_SWIFT_STANDARD_LIBRARIES = YES;
				BUNDLE_LOADER = "$(TEST_HOST)";
				CODE_SIGN_STYLE = Automatic;
				CURRENT_PROJECT_VERSION = 1;
				GENERATE_INFOPLIST_FILE = YES;
				IPHONEOS_DEPLOYMENT_TARGET = 15.5;
				MARKETING_VERSION = 1.0;
				PRODUCT_BUNDLE_IDENTIFIER = InfiniteCarousel.InfiniteCarouselTests;
				PRODUCT_NAME = "$(TARGET_NAME)";
				SWIFT_EMIT_LOC_STRINGS = NO;
				SWIFT_VERSION = 5.0;
				TARGETED_DEVICE_FAMILY = "1,2";
				TEST_HOST = "$(BUILT_PRODUCTS_DIR)/InfiniteCarousel.app/InfiniteCarousel";
			};
			name = Debug;
		};
		C9AD82FB2875266C002D5EDF /* Release */ = {
			isa = XCBuildConfiguration;
			baseConfigurationReference = 2666234113C3E41D77252A55 /* Pods-InfiniteCarouselTests.release.xcconfig */;
			buildSettings = {
				ALWAYS_EMBED_SWIFT_STANDARD_LIBRARIES = YES;
				BUNDLE_LOADER = "$(TEST_HOST)";
				CODE_SIGN_STYLE = Automatic;
				CURRENT_PROJECT_VERSION = 1;
				GENERATE_INFOPLIST_FILE = YES;
				IPHONEOS_DEPLOYMENT_TARGET = 15.5;
				MARKETING_VERSION = 1.0;
				PRODUCT_BUNDLE_IDENTIFIER = InfiniteCarousel.InfiniteCarouselTests;
				PRODUCT_NAME = "$(TARGET_NAME)";
				SWIFT_EMIT_LOC_STRINGS = NO;
				SWIFT_VERSION = 5.0;
				TARGETED_DEVICE_FAMILY = "1,2";
				TEST_HOST = "$(BUILT_PRODUCTS_DIR)/InfiniteCarousel.app/InfiniteCarousel";
			};
			name = Release;
		};
		C9AD82FD2875266C002D5EDF /* Debug */ = {
			isa = XCBuildConfiguration;
			baseConfigurationReference = CA1482C6EC54089A2D098809 /* Pods-InfiniteCarousel-InfiniteCarouselUITests.debug.xcconfig */;
			buildSettings = {
				ALWAYS_EMBED_SWIFT_STANDARD_LIBRARIES = YES;
				CODE_SIGN_STYLE = Automatic;
				CURRENT_PROJECT_VERSION = 1;
				GENERATE_INFOPLIST_FILE = YES;
				MARKETING_VERSION = 1.0;
				PRODUCT_BUNDLE_IDENTIFIER = InfiniteCarousel.InfiniteCarouselUITests;
				PRODUCT_NAME = "$(TARGET_NAME)";
				SWIFT_EMIT_LOC_STRINGS = NO;
				SWIFT_VERSION = 5.0;
				TARGETED_DEVICE_FAMILY = "1,2";
				TEST_TARGET_NAME = InfiniteCarousel;
			};
			name = Debug;
		};
		C9AD82FE2875266C002D5EDF /* Release */ = {
			isa = XCBuildConfiguration;
			baseConfigurationReference = 9407CCAF36C201C2C87EFB18 /* Pods-InfiniteCarousel-InfiniteCarouselUITests.release.xcconfig */;
			buildSettings = {
				ALWAYS_EMBED_SWIFT_STANDARD_LIBRARIES = YES;
				CODE_SIGN_STYLE = Automatic;
				CURRENT_PROJECT_VERSION = 1;
				GENERATE_INFOPLIST_FILE = YES;
				MARKETING_VERSION = 1.0;
				PRODUCT_BUNDLE_IDENTIFIER = InfiniteCarousel.InfiniteCarouselUITests;
				PRODUCT_NAME = "$(TARGET_NAME)";
				SWIFT_EMIT_LOC_STRINGS = NO;
				SWIFT_VERSION = 5.0;
				TARGETED_DEVICE_FAMILY = "1,2";
				TEST_TARGET_NAME = InfiniteCarousel;
			};
			name = Release;
		};
/* End XCBuildConfiguration section */

/* Begin XCConfigurationList section */
		C9AD82C72875266A002D5EDF /* Build configuration list for PBXProject "InfiniteCarousel" */ = {
			isa = XCConfigurationList;
			buildConfigurations = (
				C9AD82F42875266C002D5EDF /* Debug */,
				C9AD82F52875266C002D5EDF /* Release */,
			);
			defaultConfigurationIsVisible = 0;
			defaultConfigurationName = Release;
		};
		C9AD82F62875266C002D5EDF /* Build configuration list for PBXNativeTarget "InfiniteCarousel" */ = {
			isa = XCConfigurationList;
			buildConfigurations = (
				C9AD82F72875266C002D5EDF /* Debug */,
				C9AD82F82875266C002D5EDF /* Release */,
			);
			defaultConfigurationIsVisible = 0;
			defaultConfigurationName = Release;
		};
		C9AD82F92875266C002D5EDF /* Build configuration list for PBXNativeTarget "InfiniteCarouselTests" */ = {
			isa = XCConfigurationList;
			buildConfigurations = (
				C9AD82FA2875266C002D5EDF /* Debug */,
				C9AD82FB2875266C002D5EDF /* Release */,
			);
			defaultConfigurationIsVisible = 0;
			defaultConfigurationName = Release;
		};
		C9AD82FC2875266C002D5EDF /* Build configuration list for PBXNativeTarget "InfiniteCarouselUITests" */ = {
			isa = XCConfigurationList;
			buildConfigurations = (
				C9AD82FD2875266C002D5EDF /* Debug */,
				C9AD82FE2875266C002D5EDF /* Release */,
			);
			defaultConfigurationIsVisible = 0;
			defaultConfigurationName = Release;
		};
/* End XCConfigurationList section */
	};
	rootObject = C9AD82C42875266A002D5EDF /* Project object */;
}
